
Microsoft Visual Studio Solution File, Format Version 12.00
# Visual Studio Version 17
VisualStudioVersion = 17.7.34024.191
MinimumVisualStudioVersion = 10.0.40219.1
Project("{FAE04EC0-301F-11D3-BF4B-00C04F79EFBC}") = "MEdecineFinal", "MEdecineFinal\MEdecineFinal.csproj", "{BB2F0EFA-12E9-45B1-8323-A43BCC40020E}"
EndProject
Global
	GlobalSection(SolutionConfigurationPlatforms) = preSolution
		Debug|Any CPU = Debug|Any CPU
		Release|Any CPU = Release|Any CPU
	EndGlobalSection
	GlobalSection(ProjectConfigurationPlatforms) = postSolution
		{BB2F0EFA-12E9-45B1-8323-A43BCC40020E}.Debug|Any CPU.ActiveCfg = Debug|Any CPU
		{BB2F0EFA-12E9-45B1-8323-A43BCC40020E}.Debug|Any CPU.Build.0 = Debug|Any CPU
		{BB2F0EFA-12E9-45B1-8323-A43BCC40020E}.Release|Any CPU.ActiveCfg = Release|Any CPU
		{BB2F0EFA-12E9-45B1-8323-A43BCC40020E}.Release|Any CPU.Build.0 = Release|Any CPU
	EndGlobalSection
	GlobalSection(SolutionProperties) = preSolution
		HideSolutionNode = FALSE
	EndGlobalSection
	GlobalSection(ExtensibilityGlobals) = postSolution
		SolutionGuid = {27CD416C-40E5-4657-8C9B-55644228FB25}
	EndGlobalSection
EndGlobal
